
Microsoft Visual Studio Solution File, Format Version 12.00
# Visual Studio 2012
Project("{FAE04EC0-301F-11D3-BF4B-00C04F79EFBC}") = "StellaFiesta.Api", "src\StellaFiesta.Api\StellaFiesta.Api.csproj", "{F11013E3-81E1-42EE-B3BE-F2201BBD0554}"
EndProject
Project("{2150E333-8FDC-42A3-9474-1A3956D46DE8}") = "Api", "Api", "{720CFE8B-6B23-4B8B-9BB4-A1909F3ED46C}"
EndProject
Project("{FAE04EC0-301F-11D3-BF4B-00C04F79EFBC}") = "StellaFiesta.Api.Tests", "src\StellaFiesta.Api.Tests\StellaFiesta.Api.Tests.csproj", "{D18D1B04-B852-4B92-B752-45FF21260627}"
EndProject
Project("{2150E333-8FDC-42A3-9474-1A3956D46DE8}") = "Clients", "Clients", "{87574C33-B8B4-4440-9FE9-E067AF849A79}"
EndProject
Project("{FAE04EC0-301F-11D3-BF4B-00C04F79EFBC}") = "StellaFiesta.Android", "src\StellaFiesta.Android\StellaFiesta.Android.csproj", "{ED41A76E-086D-45C0-A70E-6C176264C73D}"
EndProject
Project("{FAE04EC0-301F-11D3-BF4B-00C04F79EFBC}") = "StellaFiesta.iOS", "src\StellaFiesta.iOS\StellaFiesta.iOS.csproj", "{A40D51EF-9AC1-4388-9D83-50E74C7E3DFA}"
EndProject
Project("{FAE04EC0-301F-11D3-BF4B-00C04F79EFBC}") = "StellaFiesta", "src\StellaFiesta\StellaFiesta.csproj", "{92D683F8-3907-4D96-9659-9FB8DEEB00D1}"
EndProject
Global
	GlobalSection(SolutionConfigurationPlatforms) = preSolution
		Debug|Any CPU = Debug|Any CPU
		Release|Any CPU = Release|Any CPU
		Debug|iPhoneSimulator = Debug|iPhoneSimulator
		Release|iPhoneSimulator = Release|iPhoneSimulator
		Debug|iPhone = Debug|iPhone
		Release|iPhone = Release|iPhone
		Ad-Hoc|iPhone = Ad-Hoc|iPhone
		AppStore|iPhone = AppStore|iPhone
	EndGlobalSection
	GlobalSection(ProjectConfigurationPlatforms) = postSolution
		{F11013E3-81E1-42EE-B3BE-F2201BBD0554}.Debug|Any CPU.ActiveCfg = Debug|Any CPU
		{F11013E3-81E1-42EE-B3BE-F2201BBD0554}.Debug|Any CPU.Build.0 = Debug|Any CPU
		{F11013E3-81E1-42EE-B3BE-F2201BBD0554}.Release|Any CPU.ActiveCfg = Release|Any CPU
		{F11013E3-81E1-42EE-B3BE-F2201BBD0554}.Release|Any CPU.Build.0 = Release|Any CPU
		{F11013E3-81E1-42EE-B3BE-F2201BBD0554}.Debug|iPhoneSimulator.ActiveCfg = Debug|Any CPU
		{F11013E3-81E1-42EE-B3BE-F2201BBD0554}.Debug|iPhoneSimulator.Build.0 = Debug|Any CPU
		{F11013E3-81E1-42EE-B3BE-F2201BBD0554}.Release|iPhoneSimulator.ActiveCfg = Release|Any CPU
		{F11013E3-81E1-42EE-B3BE-F2201BBD0554}.Release|iPhoneSimulator.Build.0 = Release|Any CPU
		{F11013E3-81E1-42EE-B3BE-F2201BBD0554}.Debug|iPhone.ActiveCfg = Debug|Any CPU
		{F11013E3-81E1-42EE-B3BE-F2201BBD0554}.Debug|iPhone.Build.0 = Debug|Any CPU
		{F11013E3-81E1-42EE-B3BE-F2201BBD0554}.Release|iPhone.ActiveCfg = Release|Any CPU
		{F11013E3-81E1-42EE-B3BE-F2201BBD0554}.Release|iPhone.Build.0 = Release|Any CPU
		{F11013E3-81E1-42EE-B3BE-F2201BBD0554}.Ad-Hoc|iPhone.ActiveCfg = Debug|Any CPU
		{F11013E3-81E1-42EE-B3BE-F2201BBD0554}.Ad-Hoc|iPhone.Build.0 = Debug|Any CPU
		{F11013E3-81E1-42EE-B3BE-F2201BBD0554}.AppStore|iPhone.ActiveCfg = Debug|Any CPU
		{F11013E3-81E1-42EE-B3BE-F2201BBD0554}.AppStore|iPhone.Build.0 = Debug|Any CPU
		{D18D1B04-B852-4B92-B752-45FF21260627}.Debug|Any CPU.ActiveCfg = Debug|Any CPU
		{D18D1B04-B852-4B92-B752-45FF21260627}.Debug|Any CPU.Build.0 = Debug|Any CPU
		{D18D1B04-B852-4B92-B752-45FF21260627}.Release|Any CPU.ActiveCfg = Release|Any CPU
		{D18D1B04-B852-4B92-B752-45FF21260627}.Release|Any CPU.Build.0 = Release|Any CPU
		{D18D1B04-B852-4B92-B752-45FF21260627}.Debug|iPhoneSimulator.ActiveCfg = Debug|Any CPU
		{D18D1B04-B852-4B92-B752-45FF21260627}.Debug|iPhoneSimulator.Build.0 = Debug|Any CPU
		{D18D1B04-B852-4B92-B752-45FF21260627}.Release|iPhoneSimulator.ActiveCfg = Release|Any CPU
		{D18D1B04-B852-4B92-B752-45FF21260627}.Release|iPhoneSimulator.Build.0 = Release|Any CPU
		{D18D1B04-B852-4B92-B752-45FF21260627}.Debug|iPhone.ActiveCfg = Debug|Any CPU
		{D18D1B04-B852-4B92-B752-45FF21260627}.Debug|iPhone.Build.0 = Debug|Any CPU
		{D18D1B04-B852-4B92-B752-45FF21260627}.Release|iPhone.ActiveCfg = Release|Any CPU
		{D18D1B04-B852-4B92-B752-45FF21260627}.Release|iPhone.Build.0 = Release|Any CPU
		{D18D1B04-B852-4B92-B752-45FF21260627}.Ad-Hoc|iPhone.ActiveCfg = Debug|Any CPU
		{D18D1B04-B852-4B92-B752-45FF21260627}.Ad-Hoc|iPhone.Build.0 = Debug|Any CPU
		{D18D1B04-B852-4B92-B752-45FF21260627}.AppStore|iPhone.ActiveCfg = Debug|Any CPU
		{D18D1B04-B852-4B92-B752-45FF21260627}.AppStore|iPhone.Build.0 = Debug|Any CPU
		{ED41A76E-086D-45C0-A70E-6C176264C73D}.Debug|Any CPU.ActiveCfg = Debug|Any CPU
		{ED41A76E-086D-45C0-A70E-6C176264C73D}.Debug|Any CPU.Build.0 = Debug|Any CPU
		{ED41A76E-086D-45C0-A70E-6C176264C73D}.Release|Any CPU.ActiveCfg = Release|Any CPU
		{ED41A76E-086D-45C0-A70E-6C176264C73D}.Release|Any CPU.Build.0 = Release|Any CPU
		{ED41A76E-086D-45C0-A70E-6C176264C73D}.Debug|iPhoneSimulator.ActiveCfg = Debug|Any CPU
		{ED41A76E-086D-45C0-A70E-6C176264C73D}.Debug|iPhoneSimulator.Build.0 = Debug|Any CPU
		{ED41A76E-086D-45C0-A70E-6C176264C73D}.Release|iPhoneSimulator.ActiveCfg = Release|Any CPU
		{ED41A76E-086D-45C0-A70E-6C176264C73D}.Release|iPhoneSimulator.Build.0 = Release|Any CPU
		{ED41A76E-086D-45C0-A70E-6C176264C73D}.Debug|iPhone.ActiveCfg = Debug|Any CPU
		{ED41A76E-086D-45C0-A70E-6C176264C73D}.Debug|iPhone.Build.0 = Debug|Any CPU
		{ED41A76E-086D-45C0-A70E-6C176264C73D}.Release|iPhone.ActiveCfg = Release|Any CPU
		{ED41A76E-086D-45C0-A70E-6C176264C73D}.Release|iPhone.Build.0 = Release|Any CPU
		{ED41A76E-086D-45C0-A70E-6C176264C73D}.Ad-Hoc|iPhone.ActiveCfg = Debug|Any CPU
		{ED41A76E-086D-45C0-A70E-6C176264C73D}.Ad-Hoc|iPhone.Build.0 = Debug|Any CPU
		{ED41A76E-086D-45C0-A70E-6C176264C73D}.AppStore|iPhone.ActiveCfg = Debug|Any CPU
		{ED41A76E-086D-45C0-A70E-6C176264C73D}.AppStore|iPhone.Build.0 = Debug|Any CPU
		{A40D51EF-9AC1-4388-9D83-50E74C7E3DFA}.Debug|Any CPU.ActiveCfg = Debug|iPhoneSimulator
		{A40D51EF-9AC1-4388-9D83-50E74C7E3DFA}.Debug|Any CPU.Build.0 = Debug|iPhoneSimulator
		{A40D51EF-9AC1-4388-9D83-50E74C7E3DFA}.Release|Any CPU.ActiveCfg = Release|iPhoneSimulator
		{A40D51EF-9AC1-4388-9D83-50E74C7E3DFA}.Release|Any CPU.Build.0 = Release|iPhoneSimulator
		{A40D51EF-9AC1-4388-9D83-50E74C7E3DFA}.Debug|iPhoneSimulator.ActiveCfg = Debug|iPhoneSimulator
		{A40D51EF-9AC1-4388-9D83-50E74C7E3DFA}.Debug|iPhoneSimulator.Build.0 = Debug|iPhoneSimulator
		{A40D51EF-9AC1-4388-9D83-50E74C7E3DFA}.Release|iPhoneSimulator.ActiveCfg = Release|iPhoneSimulator
		{A40D51EF-9AC1-4388-9D83-50E74C7E3DFA}.Release|iPhoneSimulator.Build.0 = Release|iPhoneSimulator
		{A40D51EF-9AC1-4388-9D83-50E74C7E3DFA}.Debug|iPhone.ActiveCfg = Debug|iPhone
		{A40D51EF-9AC1-4388-9D83-50E74C7E3DFA}.Debug|iPhone.Build.0 = Debug|iPhone
		{A40D51EF-9AC1-4388-9D83-50E74C7E3DFA}.Release|iPhone.ActiveCfg = Release|iPhone
		{A40D51EF-9AC1-4388-9D83-50E74C7E3DFA}.Release|iPhone.Build.0 = Release|iPhone
		{A40D51EF-9AC1-4388-9D83-50E74C7E3DFA}.Ad-Hoc|iPhone.ActiveCfg = Ad-Hoc|iPhone
		{A40D51EF-9AC1-4388-9D83-50E74C7E3DFA}.Ad-Hoc|iPhone.Build.0 = Ad-Hoc|iPhone
		{A40D51EF-9AC1-4388-9D83-50E74C7E3DFA}.AppStore|iPhone.ActiveCfg = AppStore|iPhone
		{A40D51EF-9AC1-4388-9D83-50E74C7E3DFA}.AppStore|iPhone.Build.0 = AppStore|iPhone
		{92D683F8-3907-4D96-9659-9FB8DEEB00D1}.Debug|Any CPU.ActiveCfg = Debug|Any CPU
		{92D683F8-3907-4D96-9659-9FB8DEEB00D1}.Debug|Any CPU.Build.0 = Debug|Any CPU
		{92D683F8-3907-4D96-9659-9FB8DEEB00D1}.Release|Any CPU.ActiveCfg = Release|Any CPU
		{92D683F8-3907-4D96-9659-9FB8DEEB00D1}.Release|Any CPU.Build.0 = Release|Any CPU
		{92D683F8-3907-4D96-9659-9FB8DEEB00D1}.Debug|iPhoneSimulator.ActiveCfg = Debug|Any CPU
		{92D683F8-3907-4D96-9659-9FB8DEEB00D1}.Debug|iPhoneSimulator.Build.0 = Debug|Any CPU
		{92D683F8-3907-4D96-9659-9FB8DEEB00D1}.Release|iPhoneSimulator.ActiveCfg = Release|Any CPU
		{92D683F8-3907-4D96-9659-9FB8DEEB00D1}.Release|iPhoneSimulator.Build.0 = Release|Any CPU
		{92D683F8-3907-4D96-9659-9FB8DEEB00D1}.Debug|iPhone.ActiveCfg = Debug|Any CPU
		{92D683F8-3907-4D96-9659-9FB8DEEB00D1}.Debug|iPhone.Build.0 = Debug|Any CPU
		{92D683F8-3907-4D96-9659-9FB8DEEB00D1}.Release|iPhone.ActiveCfg = Release|Any CPU
		{92D683F8-3907-4D96-9659-9FB8DEEB00D1}.Release|iPhone.Build.0 = Release|Any CPU
		{92D683F8-3907-4D96-9659-9FB8DEEB00D1}.Ad-Hoc|iPhone.ActiveCfg = Debug|Any CPU
		{92D683F8-3907-4D96-9659-9FB8DEEB00D1}.Ad-Hoc|iPhone.Build.0 = Debug|Any CPU
		{92D683F8-3907-4D96-9659-9FB8DEEB00D1}.AppStore|iPhone.ActiveCfg = Debug|Any CPU
		{92D683F8-3907-4D96-9659-9FB8DEEB00D1}.AppStore|iPhone.Build.0 = Debug|Any CPU
	EndGlobalSection
	GlobalSection(NestedProjects) = preSolution
		{F11013E3-81E1-42EE-B3BE-F2201BBD0554} = {720CFE8B-6B23-4B8B-9BB4-A1909F3ED46C}
		{D18D1B04-B852-4B92-B752-45FF21260627} = {720CFE8B-6B23-4B8B-9BB4-A1909F3ED46C}
		{ED41A76E-086D-45C0-A70E-6C176264C73D} = {87574C33-B8B4-4440-9FE9-E067AF849A79}
		{A40D51EF-9AC1-4388-9D83-50E74C7E3DFA} = {87574C33-B8B4-4440-9FE9-E067AF849A79}
		{92D683F8-3907-4D96-9659-9FB8DEEB00D1} = {87574C33-B8B4-4440-9FE9-E067AF849A79}
	EndGlobalSection
EndGlobal
